
Microsoft Visual Studio Solution File, Format Version 12.00
# Visual Studio 14
VisualStudioVersion = 14.0.25420.1
MinimumVisualStudioVersion = 10.0.40219.1
Project("{8BC9CEB8-8B4A-11D0-8D11-00A0C91BC942}") = "RVX-4", "V3rm\V3rm.vcxproj", "{084AA6D9-65C0-4974-AC3A-4C6A9E3E6E61}"
EndProject
Global
	GlobalSection(SolutionConfigurationPlatforms) = preSolution
		Debug|Any CPU = Debug|Any CPU
		Debug|Win32 = Debug|Win32
		Debug|x64 = Debug|x64
		Debug|x86 = Debug|x86
		Release|Any CPU = Release|Any CPU
		Release|Win32 = Release|Win32
		Release|x64 = Release|x64
		Release|x86 = Release|x86
	EndGlobalSection
	GlobalSection(ProjectConfigurationPlatforms) = postSolution
		{084AA6D9-65C0-4974-AC3A-4C6A9E3E6E61}.Debug|Any CPU.ActiveCfg = Debug|Win32
		{084AA6D9-65C0-4974-AC3A-4C6A9E3E6E61}.Debug|Win32.ActiveCfg = Debug|Win32
		{084AA6D9-65C0-4974-AC3A-4C6A9E3E6E61}.Debug|Win32.Build.0 = Debug|Win32
		{084AA6D9-65C0-4974-AC3A-4C6A9E3E6E61}.Debug|x64.ActiveCfg = Debug|x64
		{084AA6D9-65C0-4974-AC3A-4C6A9E3E6E61}.Debug|x64.Build.0 = Debug|x64
		{084AA6D9-65C0-4974-AC3A-4C6A9E3E6E61}.Debug|x86.ActiveCfg = Debug|Win32
		{084AA6D9-65C0-4974-AC3A-4C6A9E3E6E61}.Debug|x86.Build.0 = Debug|Win32
		{084AA6D9-65C0-4974-AC3A-4C6A9E3E6E61}.Release|Any CPU.ActiveCfg = Release|Win32
		{084AA6D9-65C0-4974-AC3A-4C6A9E3E6E61}.Release|Win32.ActiveCfg = Release|Win32
		{084AA6D9-65C0-4974-AC3A-4C6A9E3E6E61}.Release|Win32.Build.0 = Release|Win32
		{084AA6D9-65C0-4974-AC3A-4C6A9E3E6E61}.Release|x64.ActiveCfg = Release|x64
		{084AA6D9-65C0-4974-AC3A-4C6A9E3E6E61}.Release|x64.Build.0 = Release|x64
		{084AA6D9-65C0-4974-AC3A-4C6A9E3E6E61}.Release|x86.ActiveCfg = Release|Win32
		{084AA6D9-65C0-4974-AC3A-4C6A9E3E6E61}.Release|x86.Build.0 = Release|Win32
	EndGlobalSection
	GlobalSection(SolutionProperties) = preSolution
		HideSolutionNode = FALSE
	EndGlobalSection
	GlobalSection(ExtensibilityGlobals) = postSolution
		SolutionGuid = {9415F944-E9A6-485C-AEAB-181C3087A632}
	EndGlobalSection
EndGlobal
